
Microsoft Visual Studio Solution File, Format Version 12.00
# Visual Studio Version 16
VisualStudioVersion = 16.0.30011.22
MinimumVisualStudioVersion = 10.0.40219.1
Project("{FAE04EC0-301F-11D3-BF4B-00C04F79EFBC}") = "EFTApp", "EFTApp\EFTApp.csproj", "{02687D14-FEEF-48D1-96CB-C9D77EFC65EC}"
EndProject
Global
	GlobalSection(SolutionConfigurationPlatforms) = preSolution
		Debug|Any CPU = Debug|Any CPU
		Release|Any CPU = Release|Any CPU
	EndGlobalSection
	GlobalSection(ProjectConfigurationPlatforms) = postSolution
		{02687D14-FEEF-48D1-96CB-C9D77EFC65EC}.Debug|Any CPU.ActiveCfg = Debug|Any CPU
		{02687D14-FEEF-48D1-96CB-C9D77EFC65EC}.Debug|Any CPU.Build.0 = Debug|Any CPU
		{02687D14-FEEF-48D1-96CB-C9D77EFC65EC}.Release|Any CPU.ActiveCfg = Release|Any CPU
		{02687D14-FEEF-48D1-96CB-C9D77EFC65EC}.Release|Any CPU.Build.0 = Release|Any CPU
	EndGlobalSection
	GlobalSection(SolutionProperties) = preSolution
		HideSolutionNode = FALSE
	EndGlobalSection
	GlobalSection(ExtensibilityGlobals) = postSolution
		SolutionGuid = {7D948B31-8633-4613-98E9-4AEBE3E283A5}
	EndGlobalSection
EndGlobal
